
Microsoft Visual Studio Solution File, Format Version 12.00
# Visual Studio Version 16
VisualStudioVersion = 16.0.30611.23
MinimumVisualStudioVersion = 10.0.40219.1
Project("{FAE04EC0-301F-11D3-BF4B-00C04F79EFBC}") = "VietLot", "VietLot\VietLot.csproj", "{BECA74DE-E99C-416E-BDB2-A8F279E63D91}"
EndProject
Global
	GlobalSection(SolutionConfigurationPlatforms) = preSolution
		Debug|Any CPU = Debug|Any CPU
		Release|Any CPU = Release|Any CPU
	EndGlobalSection
	GlobalSection(ProjectConfigurationPlatforms) = postSolution
		{BECA74DE-E99C-416E-BDB2-A8F279E63D91}.Debug|Any CPU.ActiveCfg = Debug|Any CPU
		{BECA74DE-E99C-416E-BDB2-A8F279E63D91}.Debug|Any CPU.Build.0 = Debug|Any CPU
		{BECA74DE-E99C-416E-BDB2-A8F279E63D91}.Release|Any CPU.ActiveCfg = Release|Any CPU
		{BECA74DE-E99C-416E-BDB2-A8F279E63D91}.Release|Any CPU.Build.0 = Release|Any CPU
	EndGlobalSection
	GlobalSection(SolutionProperties) = preSolution
		HideSolutionNode = FALSE
	EndGlobalSection
	GlobalSection(ExtensibilityGlobals) = postSolution
		SolutionGuid = {80FE4E30-E8BC-43A9-B8AB-68D043176C32}
	EndGlobalSection
EndGlobal
