
Microsoft Visual Studio Solution File, Format Version 12.00
# Visual Studio Version 16
VisualStudioVersion = 16.0.30717.126
MinimumVisualStudioVersion = 10.0.40219.1
Project("{FAE04EC0-301F-11D3-BF4B-00C04F79EFBC}") = "Sever", "Sever\Sever.csproj", "{0D0F0FDA-4BFB-4441-9C58-253DC0C49A97}"
EndProject
Project("{FAE04EC0-301F-11D3-BF4B-00C04F79EFBC}") = "Client", "Client\Client.csproj", "{8E18CC6F-22D6-4424-9C56-45CFC345E273}"
EndProject
Global
	GlobalSection(SolutionConfigurationPlatforms) = preSolution
		Debug|Any CPU = Debug|Any CPU
		Release|Any CPU = Release|Any CPU
	EndGlobalSection
	GlobalSection(ProjectConfigurationPlatforms) = postSolution
		{0D0F0FDA-4BFB-4441-9C58-253DC0C49A97}.Debug|Any CPU.ActiveCfg = Debug|Any CPU
		{0D0F0FDA-4BFB-4441-9C58-253DC0C49A97}.Debug|Any CPU.Build.0 = Debug|Any CPU
		{0D0F0FDA-4BFB-4441-9C58-253DC0C49A97}.Release|Any CPU.ActiveCfg = Release|Any CPU
		{0D0F0FDA-4BFB-4441-9C58-253DC0C49A97}.Release|Any CPU.Build.0 = Release|Any CPU
		{8E18CC6F-22D6-4424-9C56-45CFC345E273}.Debug|Any CPU.ActiveCfg = Debug|Any CPU
		{8E18CC6F-22D6-4424-9C56-45CFC345E273}.Debug|Any CPU.Build.0 = Debug|Any CPU
		{8E18CC6F-22D6-4424-9C56-45CFC345E273}.Release|Any CPU.ActiveCfg = Release|Any CPU
		{8E18CC6F-22D6-4424-9C56-45CFC345E273}.Release|Any CPU.Build.0 = Release|Any CPU
	EndGlobalSection
	GlobalSection(SolutionProperties) = preSolution
		HideSolutionNode = FALSE
	EndGlobalSection
	GlobalSection(ExtensibilityGlobals) = postSolution
		SolutionGuid = {835F0AE7-7411-40DB-BDB2-1583BF9B0052}
	EndGlobalSection
EndGlobal
