
Microsoft Visual Studio Solution File, Format Version 12.00
# Visual Studio Version 16
VisualStudioVersion = 16.0.30611.23
MinimumVisualStudioVersion = 10.0.40219.1
Project("{FAE04EC0-301F-11D3-BF4B-00C04F79EFBC}") = "XepHinh", "XepHinh\XepHinh.csproj", "{1A2A4503-4FD7-4C67-A4D2-1CA924590DFE}"
EndProject
Global
	GlobalSection(SolutionConfigurationPlatforms) = preSolution
		Debug|Any CPU = Debug|Any CPU
		Release|Any CPU = Release|Any CPU
	EndGlobalSection
	GlobalSection(ProjectConfigurationPlatforms) = postSolution
		{1A2A4503-4FD7-4C67-A4D2-1CA924590DFE}.Debug|Any CPU.ActiveCfg = Debug|Any CPU
		{1A2A4503-4FD7-4C67-A4D2-1CA924590DFE}.Debug|Any CPU.Build.0 = Debug|Any CPU
		{1A2A4503-4FD7-4C67-A4D2-1CA924590DFE}.Release|Any CPU.ActiveCfg = Release|Any CPU
		{1A2A4503-4FD7-4C67-A4D2-1CA924590DFE}.Release|Any CPU.Build.0 = Release|Any CPU
	EndGlobalSection
	GlobalSection(SolutionProperties) = preSolution
		HideSolutionNode = FALSE
	EndGlobalSection
	GlobalSection(ExtensibilityGlobals) = postSolution
		SolutionGuid = {8AC573E3-EB03-42F9-96AF-5A73A9C2646C}
	EndGlobalSection
EndGlobal
